
Microsoft Visual Studio Solution File, Format Version 12.00
# Visual Studio Version 16
VisualStudioVersion = 16.0.31515.178
MinimumVisualStudioVersion = 10.0.40219.1
Project("{FAE04EC0-301F-11D3-BF4B-00C04F79EFBC}") = "Atrium API", "Atrium API\Atrium API.csproj", "{B9863EE9-DFD0-4ED2-9931-D59E5C26494E}"
EndProject
Global
	GlobalSection(SolutionConfigurationPlatforms) = preSolution
		Debug|Any CPU = Debug|Any CPU
		Release|Any CPU = Release|Any CPU
	EndGlobalSection
	GlobalSection(ProjectConfigurationPlatforms) = postSolution
		{B9863EE9-DFD0-4ED2-9931-D59E5C26494E}.Debug|Any CPU.ActiveCfg = Debug|Any CPU
		{B9863EE9-DFD0-4ED2-9931-D59E5C26494E}.Debug|Any CPU.Build.0 = Debug|Any CPU
		{B9863EE9-DFD0-4ED2-9931-D59E5C26494E}.Release|Any CPU.ActiveCfg = Release|Any CPU
		{B9863EE9-DFD0-4ED2-9931-D59E5C26494E}.Release|Any CPU.Build.0 = Release|Any CPU
	EndGlobalSection
	GlobalSection(SolutionProperties) = preSolution
		HideSolutionNode = FALSE
	EndGlobalSection
	GlobalSection(ExtensibilityGlobals) = postSolution
		SolutionGuid = {E86D8AB1-817A-4D9D-AA14-2180524E497C}
	EndGlobalSection
EndGlobal
