
Microsoft Visual Studio Solution File, Format Version 12.00
# Visual Studio Version 16
VisualStudioVersion = 16.0.31129.286
MinimumVisualStudioVersion = 10.0.40219.1
Project("{9A19103F-16F7-4668-BE54-9A1E7A4F7556}") = "AtriumREST", "AtriumREST.csproj", "{22582003-9E86-40A6-9874-726DB94FC5C0}"
EndProject
Global
	GlobalSection(SolutionConfigurationPlatforms) = preSolution
		Debug|Any CPU = Debug|Any CPU
		Release|Any CPU = Release|Any CPU
	EndGlobalSection
	GlobalSection(ProjectConfigurationPlatforms) = postSolution
		{22582003-9E86-40A6-9874-726DB94FC5C0}.Debug|Any CPU.ActiveCfg = Debug|Any CPU
		{22582003-9E86-40A6-9874-726DB94FC5C0}.Debug|Any CPU.Build.0 = Debug|Any CPU
		{22582003-9E86-40A6-9874-726DB94FC5C0}.Release|Any CPU.ActiveCfg = Release|Any CPU
		{22582003-9E86-40A6-9874-726DB94FC5C0}.Release|Any CPU.Build.0 = Release|Any CPU
	EndGlobalSection
	GlobalSection(SolutionProperties) = preSolution
		HideSolutionNode = FALSE
	EndGlobalSection
	GlobalSection(ExtensibilityGlobals) = postSolution
		SolutionGuid = {C97D166C-FC3B-4798-883F-9205849824B0}
	EndGlobalSection
EndGlobal
